
Microsoft Visual Studio Solution File, Format Version 12.00
# Visual Studio 15
VisualStudioVersion = 15.0.27703.2026
MinimumVisualStudioVersion = 10.0.40219.1
Project("{E24C65DC-7377-472B-9ABA-BC803B73C61A}") = "California-State-Template-DEV", ".", "{F80A99FE-0F5C-4188-95FE-16E5CAA96D39}"
	ProjectSection(WebsiteProperties) = preProject
		TargetFrameworkMoniker = ".NETFramework,Version%3Dv2.0"
		Debug.AspNetCompiler.VirtualPath = "/localhost_63426"
		Debug.AspNetCompiler.PhysicalPath = "..\California-State-Template-DEV\"
		Debug.AspNetCompiler.TargetPath = "PrecompiledWeb\localhost_63426\"
		Debug.AspNetCompiler.Updateable = "true"
		Debug.AspNetCompiler.ForceOverwrite = "true"
		Debug.AspNetCompiler.FixedNames = "false"
		Debug.AspNetCompiler.Debug = "True"
		Release.AspNetCompiler.VirtualPath = "/localhost_63426"
		Release.AspNetCompiler.PhysicalPath = "..\California-State-Template-DEV\"
		Release.AspNetCompiler.TargetPath = "PrecompiledWeb\localhost_63426\"
		Release.AspNetCompiler.Updateable = "true"
		Release.AspNetCompiler.ForceOverwrite = "true"
		Release.AspNetCompiler.FixedNames = "false"
		Release.AspNetCompiler.Debug = "False"
		VWDPort = "63426"
	EndProjectSection
EndProject
Global
	GlobalSection(SolutionConfigurationPlatforms) = preSolution
		Debug|Any CPU = Debug|Any CPU
	EndGlobalSection
	GlobalSection(ProjectConfigurationPlatforms) = postSolution
		{F80A99FE-0F5C-4188-95FE-16E5CAA96D39}.Debug|Any CPU.ActiveCfg = Debug|Any CPU
		{F80A99FE-0F5C-4188-95FE-16E5CAA96D39}.Debug|Any CPU.Build.0 = Debug|Any CPU
	EndGlobalSection
	GlobalSection(SolutionProperties) = preSolution
		HideSolutionNode = FALSE
	EndGlobalSection
	GlobalSection(ExtensibilityGlobals) = postSolution
		SolutionGuid = {F67EDC12-38B6-408C-8037-9687A4F82070}
	EndGlobalSection
EndGlobal
